
Microsoft Visual Studio Solution File, Format Version 12.00
# Visual Studio Version 17
VisualStudioVersion = 17.8.34322.80
MinimumVisualStudioVersion = 10.0.40219.1
Project("{FAE04EC0-301F-11D3-BF4B-00C04F79EFBC}") = "Zadaniapetle2", "Zadaniapetle2\Zadaniapetle2.csproj", "{5AC9F7ED-EF9A-4EE2-8251-715C0B649F5F}"
EndProject
Global
	GlobalSection(SolutionConfigurationPlatforms) = preSolution
		Debug|Any CPU = Debug|Any CPU
		Release|Any CPU = Release|Any CPU
	EndGlobalSection
	GlobalSection(ProjectConfigurationPlatforms) = postSolution
		{5AC9F7ED-EF9A-4EE2-8251-715C0B649F5F}.Debug|Any CPU.ActiveCfg = Debug|Any CPU
		{5AC9F7ED-EF9A-4EE2-8251-715C0B649F5F}.Debug|Any CPU.Build.0 = Debug|Any CPU
		{5AC9F7ED-EF9A-4EE2-8251-715C0B649F5F}.Release|Any CPU.ActiveCfg = Release|Any CPU
		{5AC9F7ED-EF9A-4EE2-8251-715C0B649F5F}.Release|Any CPU.Build.0 = Release|Any CPU
	EndGlobalSection
	GlobalSection(SolutionProperties) = preSolution
		HideSolutionNode = FALSE
	EndGlobalSection
	GlobalSection(ExtensibilityGlobals) = postSolution
		SolutionGuid = {BF38448D-3A99-4D15-BB5B-5B887F9F7FFC}
	EndGlobalSection
EndGlobal
